
Microsoft Visual Studio Solution File, Format Version 12.00
# Visual Studio Version 17
VisualStudioVersion = 17.9.34723.18
MinimumVisualStudioVersion = 10.0.40219.1
Project("{FAE04EC0-301F-11D3-BF4B-00C04F79EFBC}") = "AddtoDbWithxUnit", "AddtoDbWithxUnit\AddtoDbWithxUnit.csproj", "{21AC12C3-40D4-4610-865C-7D6BB8C45A4E}"
EndProject
Project("{FAE04EC0-301F-11D3-BF4B-00C04F79EFBC}") = "TestProjectForAddToDb", "TestProjectForAddToDb\TestProjectForAddToDb.csproj", "{4A3ED0ED-C7EF-4015-9442-A3BA6ABC191B}"
EndProject
Global
	GlobalSection(SolutionConfigurationPlatforms) = preSolution
		Debug|Any CPU = Debug|Any CPU
		Release|Any CPU = Release|Any CPU
	EndGlobalSection
	GlobalSection(ProjectConfigurationPlatforms) = postSolution
		{21AC12C3-40D4-4610-865C-7D6BB8C45A4E}.Debug|Any CPU.ActiveCfg = Debug|Any CPU
		{21AC12C3-40D4-4610-865C-7D6BB8C45A4E}.Debug|Any CPU.Build.0 = Debug|Any CPU
		{21AC12C3-40D4-4610-865C-7D6BB8C45A4E}.Release|Any CPU.ActiveCfg = Release|Any CPU
		{21AC12C3-40D4-4610-865C-7D6BB8C45A4E}.Release|Any CPU.Build.0 = Release|Any CPU
		{4A3ED0ED-C7EF-4015-9442-A3BA6ABC191B}.Debug|Any CPU.ActiveCfg = Debug|Any CPU
		{4A3ED0ED-C7EF-4015-9442-A3BA6ABC191B}.Debug|Any CPU.Build.0 = Debug|Any CPU
		{4A3ED0ED-C7EF-4015-9442-A3BA6ABC191B}.Release|Any CPU.ActiveCfg = Release|Any CPU
		{4A3ED0ED-C7EF-4015-9442-A3BA6ABC191B}.Release|Any CPU.Build.0 = Release|Any CPU
	EndGlobalSection
	GlobalSection(SolutionProperties) = preSolution
		HideSolutionNode = FALSE
	EndGlobalSection
	GlobalSection(ExtensibilityGlobals) = postSolution
		SolutionGuid = {3F38D10D-947A-471A-9C38-54136EF9DE92}
	EndGlobalSection
EndGlobal
